
Microsoft Visual Studio Solution File, Format Version 12.00
# Visual Studio 15
VisualStudioVersion = 15.0.28307.168
MinimumVisualStudioVersion = 10.0.40219.1
Project("{FAE04EC0-301F-11D3-BF4B-00C04F79EFBC}") = "TicTacToeV2", "TicTacToeV2.csproj", "{06C6E2AC-4AAA-468D-91B2-47171E1674B6}"
EndProject
Global
	GlobalSection(SolutionConfigurationPlatforms) = preSolution
		Debug|Any CPU = Debug|Any CPU
		Release|Any CPU = Release|Any CPU
	EndGlobalSection
	GlobalSection(ProjectConfigurationPlatforms) = postSolution
		{06C6E2AC-4AAA-468D-91B2-47171E1674B6}.Debug|Any CPU.ActiveCfg = Debug|Any CPU
		{06C6E2AC-4AAA-468D-91B2-47171E1674B6}.Debug|Any CPU.Build.0 = Debug|Any CPU
		{06C6E2AC-4AAA-468D-91B2-47171E1674B6}.Release|Any CPU.ActiveCfg = Release|Any CPU
		{06C6E2AC-4AAA-468D-91B2-47171E1674B6}.Release|Any CPU.Build.0 = Release|Any CPU
	EndGlobalSection
	GlobalSection(SolutionProperties) = preSolution
		HideSolutionNode = FALSE
	EndGlobalSection
	GlobalSection(ExtensibilityGlobals) = postSolution
		SolutionGuid = {D3E09014-8C29-42A8-9056-055A487744C0}
	EndGlobalSection
EndGlobal
